{
  "version": "2",
  "remote": {
    "https://raw.githubusercontent.com/sgohlke/ModPersonServiceDeno/1.0.15/personservice.ts": "1d21dc661c43cff4d6a24cbceaa2eff0ef637dd27ff30f8e2640db29eeb83994",
    "https://raw.githubusercontent.com/sgohlke/deno-web/4.0.0/index.ts": "87e9eb86df91b0d77e5336c454aa6003be3078ff66fbdf8485f992c1b9b0ff82"
  }
}
