{
  "version": "2",
  "remote": {
    "https://deno.land/std@0.193.0/_util/asserts.ts": "178dfc49a464aee693a7e285567b3d0b555dc805ff490505a8aae34f9cfb1462",
    "https://deno.land/std@0.193.0/async/abortable.ts": "fd682fa46f3b7b16b4606a5ab52a7ce309434b76f820d3221bdfb862719a15d7",
    "https://deno.land/std@0.193.0/async/deadline.ts": "58f72a3cc0fcb731b2cc055ba046f4b5be3349ff6bf98f2e793c3b969354aab2",
    "https://deno.land/std@0.193.0/async/debounce.ts": "adab11d04ca38d699444ac8a9d9856b4155e8dda2afd07ce78276c01ea5a4332",
    "https://deno.land/std@0.193.0/async/deferred.ts": "42790112f36a75a57db4a96d33974a936deb7b04d25c6084a9fa8a49f135def8",
    "https://deno.land/std@0.193.0/async/delay.ts": "73aa04cec034c84fc748c7be49bb15cac3dd43a57174bfdb7a4aec22c248f0dd",
    "https://deno.land/std@0.193.0/async/mod.ts": "f04344fa21738e5ad6bea37a6bfffd57c617c2d372bb9f9dcfd118a1b622e576",
    "https://deno.land/std@0.193.0/async/mux_async_iterator.ts": "70c7f2ee4e9466161350473ad61cac0b9f115cff4c552eaa7ef9d50c4cbb4cc9",
    "https://deno.land/std@0.193.0/async/pool.ts": "f1b8d3df4d7fd3c73f8cbc91cc2e8b8e950910f1eab94230b443944d7584c657",
    "https://deno.land/std@0.193.0/async/retry.ts": "b1ccf653954a4e52b3d9731e57d18b864e689a7462e78fb20440b11be9905080",
    "https://deno.land/std@0.193.0/async/tee.ts": "47e42d35f622650b02234d43803d0383a89eb4387e1b83b5a40106d18ae36757",
    "https://deno.land/std@0.193.0/fmt/colors.ts": "d67e3cd9f472535241a8e410d33423980bec45047e343577554d3356e1f0ef4e",
    "https://deno.land/std@0.193.0/http/server.ts": "1b23463b5b36e4eebc495417f6af47a6f7d52e3294827a1226d2a1aab23d9d20",
    "https://deno.land/std@0.193.0/testing/_diff.ts": "1a3c044aedf77647d6cac86b798c6417603361b66b54c53331b312caeb447aea",
    "https://deno.land/std@0.193.0/testing/_format.ts": "a69126e8a469009adf4cf2a50af889aca364c349797e63174884a52ff75cf4c7",
    "https://deno.land/std@0.193.0/testing/asserts.ts": "056d571baaefc7f13af3e29ad6a66d4dbe5355d3cb2ae130e7d2a1b1e01085e3",
    "https://raw.githubusercontent.com/sgohlke/ModPersonServiceDeno/1.0.15/personservice.ts": "1d21dc661c43cff4d6a24cbceaa2eff0ef637dd27ff30f8e2640db29eeb83994",
    "https://raw.githubusercontent.com/sgohlke/deno-web/6.0.0/deps.ts": "1c46d9ad72cfd9528c63c655ddd2fa9fce2960161661dbc433a94ef5f5a1e9d8",
    "https://raw.githubusercontent.com/sgohlke/deno-web/6.0.0/response/ResponseHeaders.ts": "fdddfe3f682247d504107c63ef4bd5179127210f97c5d1979ff876ee4cc28db2",
    "https://raw.githubusercontent.com/sgohlke/deno-web/6.0.0/response/responseFunctions.ts": "7811620ebf8791d5d97ce7096d4e6621ee1ea1b9844d84a756e7b31b0c74e4f6",
    "https://raw.githubusercontent.com/sgohlke/deno-web/6.0.0/server/serverFunctions.ts": "3fe637a230dc27508d3679e8b7d4df855152c05d4693ac7786bf9b8bfd8b7d40"
  }
}
